{
  "lockfileVersion": 1,
  "configVersion": 1,
  "workspaces": {
    "": {
      "name": "objcjs-types",
      "devDependencies": {
        "@types/bun": "latest",
        "@typescript/native-preview": "^7.0.0-dev.20260218.1",
        "objc-js": "^1.1.0",
        "prettier": "^3.8.1",
      },
      "peerDependencies": {
        "objc-js": "^1.1.0",
        "typescript": "^5",
      },
    },
  },
  "packages": {
    "@types/bun": ["@types/bun@1.3.9", "", { "dependencies": { "bun-types": "1.3.9" } }, "sha512-KQ571yULOdWJiMH+RIWIOZ7B2RXQGpL1YQrBtLIV3FqDcCu6FsbFUBwhdKUlCKUpS3PJDsHlJ1QKlpxoVR+xtw=="],

    "@types/node": ["@types/node@25.2.3", "", { "dependencies": { "undici-types": "~7.16.0" } }, "sha512-m0jEgYlYz+mDJZ2+F4v8D1AyQb+QzsNqRuI7xg1VQX/KlKS0qT9r1Mo16yo5F/MtifXFgaofIFsdFMox2SxIbQ=="],

    "@typescript/native-preview": ["@typescript/native-preview@7.0.0-dev.20260218.1", "", { "optionalDependencies": { "@typescript/native-preview-darwin-arm64": "7.0.0-dev.20260218.1", "@typescript/native-preview-darwin-x64": "7.0.0-dev.20260218.1", "@typescript/native-preview-linux-arm": "7.0.0-dev.20260218.1", "@typescript/native-preview-linux-arm64": "7.0.0-dev.20260218.1", "@typescript/native-preview-linux-x64": "7.0.0-dev.20260218.1", "@typescript/native-preview-win32-arm64": "7.0.0-dev.20260218.1", "@typescript/native-preview-win32-x64": "7.0.0-dev.20260218.1" }, "bin": { "tsgo": "bin/tsgo.js" } }, "sha512-hbGRXBk7abFvOQJk/7mc8K9q1kPkiyziyUsS8r8Hc1sLxrDFUbGgsW9p8qg67Xe1K6NUv/9UU2cdeIitUDexIQ=="],

    "@typescript/native-preview-darwin-arm64": ["@typescript/native-preview-darwin-arm64@7.0.0-dev.20260218.1", "", { "os": "darwin", "cpu": "arm64" }, "sha512-ybxez4ClJU12TUvX/IxGPIQfS26+Zia7kbB1L4RH+G8yzYg90RPt4njfJkU2WxP70Hp59zS2copPkaBz5gUJkQ=="],

    "@typescript/native-preview-darwin-x64": ["@typescript/native-preview-darwin-x64@7.0.0-dev.20260218.1", "", { "os": "darwin", "cpu": "x64" }, "sha512-n9Ki8WTW82w6PlBTlrAQAjEUQB2V7C2oXrkN5U7ElwUH4FOostSFzZHuAdnPMbdzMx76P0pEw9FteYrLDA4m9g=="],

    "@typescript/native-preview-linux-arm": ["@typescript/native-preview-linux-arm@7.0.0-dev.20260218.1", "", { "os": "linux", "cpu": "arm" }, "sha512-WRPMvTztPatQ91UzYWSp82NT45JmjMgo/pVgZjXYEWdF2rwS4ejzR6DnHq30jXhEPnMah1bTeOzSWFF2kvXUmg=="],

    "@typescript/native-preview-linux-arm64": ["@typescript/native-preview-linux-arm64@7.0.0-dev.20260218.1", "", { "os": "linux", "cpu": "arm64" }, "sha512-Osus82LSlwi1l3LoxLWKDuxh5E8JyWwkseBjr2n+TMaTuDPcRSzT8Jr4ywIp3NJpCUUV/LzR84i64jA6g8iVIw=="],

    "@typescript/native-preview-linux-x64": ["@typescript/native-preview-linux-x64@7.0.0-dev.20260218.1", "", { "os": "linux", "cpu": "x64" }, "sha512-jcDhKCvhWQyMbra4MiqSgyUoSdM9mAiSkIdc80qScpk03aZOU+BZEmHz51S+fEn+8KRWuMuIHXM3sG3oX/EJZA=="],

    "@typescript/native-preview-win32-arm64": ["@typescript/native-preview-win32-arm64@7.0.0-dev.20260218.1", "", { "os": "win32", "cpu": "arm64" }, "sha512-VmWvJ+TEuTPmZrhWe+buvvUvHbMyiD4ZLgxYPdYcJ3kRQlk2mD5lOq63ZISx1pDB8kYz5/R5xYKy/8gSIU5MgQ=="],

    "@typescript/native-preview-win32-x64": ["@typescript/native-preview-win32-x64@7.0.0-dev.20260218.1", "", { "os": "win32", "cpu": "x64" }, "sha512-9zfUrKV3xBog2tpIR9NZOags+QJZSj7v9Ek7KdSkVu978IJqF9RX7oa2xftX+eiHySfV5ZQ8r2fdhdbYBk+kMw=="],

    "bun-types": ["bun-types@1.3.9", "", { "dependencies": { "@types/node": "*" } }, "sha512-+UBWWOakIP4Tswh0Bt0QD0alpTY8cb5hvgiYeWCMet9YukHbzuruIEeXC2D7nMJPB12kbh8C7XJykSexEqGKJg=="],

    "node-addon-api": ["node-addon-api@8.5.0", "", {}, "sha512-/bRZty2mXUIFY/xU5HLvveNHlswNJej+RnxBjOMkidWfwZzgTbPG1E3K5TOxRLOR+5hX7bSofy8yf1hZevMS8A=="],

    "node-gyp-build": ["node-gyp-build@4.8.4", "", { "bin": { "node-gyp-build": "bin.js", "node-gyp-build-optional": "optional.js", "node-gyp-build-test": "build-test.js" } }, "sha512-LA4ZjwlnUblHVgq0oBF3Jl/6h/Nvs5fzBLwdEF4nuxnFdsfajde4WfxtJr3CaiH+F6ewcIB/q4jQ4UzPyid+CQ=="],

    "objc-js": ["objc-js@1.1.0", "", { "dependencies": { "node-addon-api": "^8.5.0", "node-gyp-build": "^4.8.4" }, "os": "darwin" }, "sha512-ywW1D4J+CmJI1/y/w+/qM6BkaLST9UX5xx+hmwQst3Pym5Nsk36wIxhqw4lPG6KxH0z6gyJ7HY2MMxdRrt8YPQ=="],

    "prettier": ["prettier@3.8.1", "", { "bin": { "prettier": "bin/prettier.cjs" } }, "sha512-UOnG6LftzbdaHZcKoPFtOcCKztrQ57WkHDeRD9t/PTQtmT0NHSeWWepj6pS0z/N7+08BHFDQVUrfmfMRcZwbMg=="],

    "typescript": ["typescript@5.9.3", "", { "bin": { "tsc": "bin/tsc", "tsserver": "bin/tsserver" } }, "sha512-jl1vZzPDinLr9eUt3J/t7V6FgNEw9QjvBPdysz9KfQDD41fQrC2Y4vKQdiaUpFT4bXlb1RHhLpp8wtm6M5TgSw=="],

    "undici-types": ["undici-types@7.16.0", "", {}, "sha512-Zz+aZWSj8LE6zoxD+xrjh4VfkIG8Ya6LvYkZqtUQGJPZjYl53ypCaUwWqo7eI0x66KBGeRo+mlBEkMSeSZ38Nw=="],
  }
}
